github.com/otiai10/copy v0.0.0-20180813032824-7e9a647135a1 h1:QJNFh2XEtzwESNsblZgBuCsv38DU5vC/u+5DNBekwJM=
github.com/otiai10/copy v0.0.0-20180813032824-7e9a647135a1/go.mod h1:pXzZSDlN+HPzSdyIBnKNN9ptD9Hx7iZMWIJPTwo4FPE=
gopkg.in/urfave/cli.v1 v1.20.0 h1:NdAVW6RYxDif9DhDHaAortIu956m2c0v+09AZBPTbE0=
gopkg.in/urfave/cli.v1 v1.20.0/go.mod h1:vuBzUtMdQeixQj8LVd+/98pzhxNGQoyuPBlsXHOQNO0=
